
Microsoft Visual Studio Solution File, Format Version 12.00
# Visual Studio Version 17
VisualStudioVersion = 17.5.002.0
MinimumVisualStudioVersion = 10.0.40219.1
Project("{2150E333-8FDC-42A3-9474-1A3956D46DE8}") = "Back", "Back", "{607E35D3-0438-40D9-99A5-2D1C14C0AF64}"
EndProject
Project("{2150E333-8FDC-42A3-9474-1A3956D46DE8}") = "src", "src", "{FE3D35B0-1B67-4DF5-8DE3-8C70E5AD373F}"
EndProject
Project("{9A19103F-16F7-4668-BE54-9A1E7A4F7556}") = "ProEventos.API", "Back\src\ProEventos.API\ProEventos.API.csproj", "{48945920-A902-4657-925A-44B28A0E2E03}"
EndProject
Global
	GlobalSection(SolutionConfigurationPlatforms) = preSolution
		Debug|Any CPU = Debug|Any CPU
		Release|Any CPU = Release|Any CPU
	EndGlobalSection
	GlobalSection(ProjectConfigurationPlatforms) = postSolution
		{48945920-A902-4657-925A-44B28A0E2E03}.Debug|Any CPU.ActiveCfg = Debug|Any CPU
		{48945920-A902-4657-925A-44B28A0E2E03}.Debug|Any CPU.Build.0 = Debug|Any CPU
		{48945920-A902-4657-925A-44B28A0E2E03}.Release|Any CPU.ActiveCfg = Release|Any CPU
		{48945920-A902-4657-925A-44B28A0E2E03}.Release|Any CPU.Build.0 = Release|Any CPU
	EndGlobalSection
	GlobalSection(SolutionProperties) = preSolution
		HideSolutionNode = FALSE
	EndGlobalSection
	GlobalSection(NestedProjects) = preSolution
		{FE3D35B0-1B67-4DF5-8DE3-8C70E5AD373F} = {607E35D3-0438-40D9-99A5-2D1C14C0AF64}
		{48945920-A902-4657-925A-44B28A0E2E03} = {FE3D35B0-1B67-4DF5-8DE3-8C70E5AD373F}
	EndGlobalSection
	GlobalSection(ExtensibilityGlobals) = postSolution
		SolutionGuid = {DD8456AC-5309-4039-8868-E1A42CCD7D59}
	EndGlobalSection
EndGlobal
